# THIS IS AN AUTOGENERATED FILE. DO NOT EDIT THIS FILE DIRECTLY.
# yarn lockfile v1


"@openzeppelin/contracts@^3.2.0":
  version "3.2.0"
  resolved "https://registry.yarnpkg.com/@openzeppelin/contracts/-/contracts-3.2.0.tgz#3e6b3a7662d8ed64271ade96ef42655db983fd9d"
  integrity sha512-bUOmkSoPkjnUyMiKo6RYnb0VHBk5D9KKDAgNLzF41aqAM3TeE0yGdFF5dVRcV60pZdJLlyFT/jjXIZCWyyEzAQ==

jsmediatags@^3.9.3:
  version "3.9.3"
  resolved "https://registry.yarnpkg.com/jsmediatags/-/jsmediatags-3.9.3.tgz#309632d221d701bd385df65c9c6840cb399e11ff"
  integrity sha512-h53yFnPYF1Y5jwr2ebcVzIIsvRpSalm0jhNiJDUztoPPHGpuHxi9YHUzdDgiw+ykiinXHd1s6HSIbudHw79zQw==
  dependencies:
    xhr2 "^0.1.4"

xhr2@^0.1.4:
  version "0.1.4"
  resolved "https://registry.yarnpkg.com/xhr2/-/xhr2-0.1.4.tgz#7f87658847716db5026323812f818cadab387a5f"
  integrity sha1-f4dliEdxbbUCYyOBL4GMras4el8=
